{
  "nodes": {
    "nixpkgs": {
      "locked": {
        "lastModified": 1645010845,
        "narHash": "sha256-hO9X4PvxkSLMQnGGB7tOrKPwufhLMiNQMNXNwzLqneo=",
        "owner": "nixos",
        "repo": "nixpkgs",
        "rev": "2128d0aa28edef51fd8fef38b132ffc0155595df",
        "type": "github"
      },
      "original": {
        "owner": "nixos",
        "ref": "nixos-21.11",
        "repo": "nixpkgs",
        "type": "github"
      }
    },
    "root": {
      "inputs": {
        "nixpkgs": "nixpkgs"
      }
    }
  },
  "root": "root",
  "version": 7
}
